
Microsoft Visual Studio Solution File, Format Version 12.00
# Visual Studio Version 17
VisualStudioVersion = 17.0.31919.166
MinimumVisualStudioVersion = 10.0.40219.1
Project("{9A19103F-16F7-4668-BE54-9A1E7A4F7556}") = "project", "project\project.csproj", "{BC494200-7390-4AA3-A80C-4410E15E22C8}"
EndProject
Project("{FAE04EC0-301F-11D3-BF4B-00C04F79EFBC}") = "BoardLogic", "BoardLogic\BoardLogic.csproj", "{351A4267-1197-459A-9E0A-919A1FFA0259}"
EndProject
Project("{FAE04EC0-301F-11D3-BF4B-00C04F79EFBC}") = "TicTacToe", "TicTacToe\TicTacToe.csproj", "{2AB4738C-76BD-453A-AE03-7B1569AC733A}"
EndProject
Global
	GlobalSection(SolutionConfigurationPlatforms) = preSolution
		Debug|Any CPU = Debug|Any CPU
		Release|Any CPU = Release|Any CPU
	EndGlobalSection
	GlobalSection(ProjectConfigurationPlatforms) = postSolution
		{BC494200-7390-4AA3-A80C-4410E15E22C8}.Debug|Any CPU.ActiveCfg = Debug|Any CPU
		{BC494200-7390-4AA3-A80C-4410E15E22C8}.Debug|Any CPU.Build.0 = Debug|Any CPU
		{BC494200-7390-4AA3-A80C-4410E15E22C8}.Release|Any CPU.ActiveCfg = Release|Any CPU
		{BC494200-7390-4AA3-A80C-4410E15E22C8}.Release|Any CPU.Build.0 = Release|Any CPU
		{351A4267-1197-459A-9E0A-919A1FFA0259}.Debug|Any CPU.ActiveCfg = Debug|Any CPU
		{351A4267-1197-459A-9E0A-919A1FFA0259}.Debug|Any CPU.Build.0 = Debug|Any CPU
		{351A4267-1197-459A-9E0A-919A1FFA0259}.Release|Any CPU.ActiveCfg = Release|Any CPU
		{351A4267-1197-459A-9E0A-919A1FFA0259}.Release|Any CPU.Build.0 = Release|Any CPU
		{2AB4738C-76BD-453A-AE03-7B1569AC733A}.Debug|Any CPU.ActiveCfg = Debug|Any CPU
		{2AB4738C-76BD-453A-AE03-7B1569AC733A}.Debug|Any CPU.Build.0 = Debug|Any CPU
		{2AB4738C-76BD-453A-AE03-7B1569AC733A}.Release|Any CPU.ActiveCfg = Release|Any CPU
		{2AB4738C-76BD-453A-AE03-7B1569AC733A}.Release|Any CPU.Build.0 = Release|Any CPU
	EndGlobalSection
	GlobalSection(SolutionProperties) = preSolution
		HideSolutionNode = FALSE
	EndGlobalSection
	GlobalSection(ExtensibilityGlobals) = postSolution
		SolutionGuid = {97FAD1AF-1BB9-4239-8444-1C8583535D66}
	EndGlobalSection
EndGlobal
